PODS:
  - Alamofire (5.6.1)
  - Kingfisher (7.2.3)

DEPENDENCIES:
  - Alamofire
  - Kingfisher

SPEC REPOS:
  trunk:
    - Alamofire
    - Kingfisher

SPEC CHECKSUMS:
  Alamofire: 87bd8c952f9a4454320fce00d9cc3de57bcadaf5
  Kingfisher: 8c2cbe0c11ea4d481542895112682a99e058468e

PODFILE CHECKSUM: 03e522edf1894d1c2390b54d15b95d1b55150ca2

COCOAPODS: 1.11.3
